// !$*UTF8*$!
{
	archiveVersion = 1;
	classes = {
	};
	objectVersion = 50;
	objects = {

/* Begin PBXBuildFile section */
		60976AC27E39194F164A8496 /* Pods_SmartMobeImagesTests.framework in Frameworks */ = {isa = PBXBuildFile; fileRef = 7B662D9776E7422697B2F780 /* Pods_SmartMobeImagesTests.framework */; };
		7C713FFB870AA2F90F491582 /* Pods_SmartMobeImages.framework in Frameworks */ = {isa = PBXBuildFile; fileRef = 4D48D695EADA75079BF664F4 /* Pods_SmartMobeImages.framework */; };
		831BC57A226C3DF600114E8C /* AppDelegate.swift in Sources */ = {isa = PBXBuildFile; fileRef = 831BC579226C3DF600114E8C /* AppDelegate.swift */; };
		831BC57C226C3DF600114E8C /* ViewController.swift in Sources */ = {isa = PBXBuildFile; fileRef = 831BC57B226C3DF600114E8C /* ViewController.swift */; };
		831BC57F226C3DF600114E8C /* Main.storyboard in Resources */ = {isa = PBXBuildFile; fileRef = 831BC57D226C3DF600114E8C /* Main.storyboard */; };
		831BC581226C3DF800114E8C /* Assets.xcassets in Resources */ = {isa = PBXBuildFile; fileRef = 831BC580226C3DF800114E8C /* Assets.xcassets */; };
		831BC584226C3DF800114E8C /* LaunchScreen.storyboard in Resources */ = {isa = PBXBuildFile; fileRef = 831BC582226C3DF800114E8C /* LaunchScreen.storyboard */; };
		831BC58F226C3DF800114E8C /* SmartMobeImagesTests.swift in Sources */ = {isa = PBXBuildFile; fileRef = 831BC58E226C3DF800114E8C /* SmartMobeImagesTests.swift */; };
		831BC59B226C4F1D00114E8C /* Image.swift in Sources */ = {isa = PBXBuildFile; fileRef = 831BC59A226C4F1D00114E8C /* Image.swift */; };
/* End PBXBuildFile section */

/* Begin PBXContainerItemProxy section */
		831BC58B226C3DF800114E8C /* PBXContainerItemProxy */ = {
			isa = PBXContainerItemProxy;
			containerPortal = 831BC56E226C3DF500114E8C /* Project object */;
			proxyType = 1;
			remoteGlobalIDString = 831BC575226C3DF600114E8C;
			remoteInfo = SmartMobeImages;
		};
/* End PBXContainerItemProxy section */

/* Begin PBXFileReference section */
		12C394FCD061AE576266A67B /* Pods-SmartMobeImages.debug.xcconfig */ = {isa = PBXFileReference; includeInIndex = 1; lastKnownFileType = text.xcconfig; name = "Pods-SmartMobeImages.debug.xcconfig"; path = "Target Support Files/Pods-SmartMobeImages/Pods-SmartMobeImages.debug.xcconfig"; sourceTree = "<group>"; };
		44826D4593B37716C5727F59 /* Pods-SmartMobeImages.release.xcconfig */ = {isa = PBXFileReference; includeInIndex = 1; lastKnownFileType = text.xcconfig; name = "Pods-SmartMobeImages.release.xcconfig"; path = "Target Support Files/Pods-SmartMobeImages/Pods-SmartMobeImages.release.xcconfig"; sourceTree = "<group>"; };
		4B1936615C30AED3DBD0129A /* Pods-SmartMobeImagesTests.debug.xcconfig */ = {isa = PBXFileReference; includeInIndex = 1; lastKnownFileType = text.xcconfig; name = "Pods-SmartMobeImagesTests.debug.xcconfig"; path = "Target Support Files/Pods-SmartMobeImagesTests/Pods-SmartMobeImagesTests.debug.xcconfig"; sourceTree = "<group>"; };
		4D48D695EADA75079BF664F4 /* Pods_SmartMobeImages.framework */ = {isa = PBXFileReference; explicitFileType = wrapper.framework; includeInIndex = 0; path = Pods_SmartMobeImages.framework; sourceTree = BUILT_PRODUCTS_DIR; };
		5371F0F035426F74E4AE5224 /* Pods-SmartMobeImagesTests.release.xcconfig */ = {isa = PBXFileReference; includeInIndex = 1; lastKnownFileType = text.xcconfig; name = "Pods-SmartMobeImagesTests.release.xcconfig"; path = "Target Support Files/Pods-SmartMobeImagesTests/Pods-SmartMobeImagesTests.release.xcconfig"; sourceTree = "<group>"; };
		7B662D9776E7422697B2F780 /* Pods_SmartMobeImagesTests.framework */ = {isa = PBXFileReference; explicitFileType = wrapper.framework; includeInIndex = 0; path = Pods_SmartMobeImagesTests.framework; sourceTree = BUILT_PRODUCTS_DIR; };
		831BC576226C3DF600114E8C /* SmartMobeImages.app */ = {isa = PBXFileReference; explicitFileType = wrapper.application; includeInIndex = 0; path = SmartMobeImages.app; sourceTree = BUILT_PRODUCTS_DIR; };
		831BC579226C3DF600114E8C /* AppDelegate.swift */ = {isa = PBXFileReference; lastKnownFileType = sourcecode.swift; path = AppDelegate.swift; sourceTree = "<group>"; };
		831BC57B226C3DF600114E8C /* ViewController.swift */ = {isa = PBXFileReference; lastKnownFileType = sourcecode.swift; path = ViewController.swift; sourceTree = "<group>"; };
		831BC57E226C3DF600114E8C /* Base */ = {isa = PBXFileReference; lastKnownFileType = file.storyboard; name = Base; path = Base.lproj/Main.storyboard; sourceTree = "<group>"; };
		831BC580226C3DF800114E8C /* Assets.xcassets */ = {isa = PBXFileReference; lastKnownFileType = folder.assetcatalog; path = Assets.xcassets; sourceTree = "<group>"; };
		831BC583226C3DF800114E8C /* Base */ = {isa = PBXFileReference; lastKnownFileType = file.storyboard; name = Base; path = Base.lproj/LaunchScreen.storyboard; sourceTree = "<group>"; };
		831BC585226C3DF800114E8C /* Info.plist */ = {isa = PBXFileReference; lastKnownFileType = text.plist.xml; path = Info.plist; sourceTree = "<group>"; };
		831BC58A226C3DF800114E8C /* SmartMobeImagesTests.xctest */ = {isa = PBXFileReference; explicitFileType = wrapper.cfbundle; includeInIndex = 0; path = SmartMobeImagesTests.xctest; sourceTree = BUILT_PRODUCTS_DIR; };
		831BC58E226C3DF800114E8C /* SmartMobeImagesTests.swift */ = {isa = PBXFileReference; lastKnownFileType = sourcecode.swift; path = SmartMobeImagesTests.swift; sourceTree = "<group>"; };
		831BC590226C3DF800114E8C /* Info.plist */ = {isa = PBXFileReference; lastKnownFileType = text.plist.xml; path = Info.plist; sourceTree = "<group>"; };
		831BC59A226C4F1D00114E8C /* Image.swift */ = {isa = PBXFileReference; lastKnownFileType = sourcecode.swift; path = Image.swift; sourceTree = "<group>"; };
/* End PBXFileReference section */

/* Begin PBXFrameworksBuildPhase section */
		831BC573226C3DF600114E8C /* Frameworks */ = {
			isa = PBXFrameworksBuildPhase;
			buildActionMask = 2147483647;
			files = (
				7C713FFB870AA2F90F491582 /* Pods_SmartMobeImages.framework in Frameworks */,
			);
			runOnlyForDeploymentPostprocessing = 0;
		};
		831BC587226C3DF800114E8C /* Frameworks */ = {
			isa = PBXFrameworksBuildPhase;
			buildActionMask = 2147483647;
			files = (
				60976AC27E39194F164A8496 /* Pods_SmartMobeImagesTests.framework in Frameworks */,
			);
			runOnlyForDeploymentPostprocessing = 0;
		};
/* End PBXFrameworksBuildPhase section */

/* Begin PBXGroup section */
		831BC56D226C3DF500114E8C = {
			isa = PBXGroup;
			children = (
				831BC578226C3DF600114E8C /* SmartMobeImages */,
				831BC58D226C3DF800114E8C /* SmartMobeImagesTests */,
				831BC577226C3DF600114E8C /* Products */,
				BA51A55F8036986332F372C8 /* Pods */,
				9AFF980FF75DA40278B1B5E1 /* Frameworks */,
			);
			sourceTree = "<group>";
		};
		831BC577226C3DF600114E8C /* Products */ = {
			isa = PBXGroup;
			children = (
				831BC576226C3DF600114E8C /* SmartMobeImages.app */,
				831BC58A226C3DF800114E8C /* SmartMobeImagesTests.xctest */,
			);
			name = Products;
			sourceTree = "<group>";
		};
		831BC578226C3DF600114E8C /* SmartMobeImages */ = {
			isa = PBXGroup;
			children = (
				831BC599226C4F0400114E8C /* Model */,
				831BC579226C3DF600114E8C /* AppDelegate.swift */,
				831BC57B226C3DF600114E8C /* ViewController.swift */,
				831BC57D226C3DF600114E8C /* Main.storyboard */,
				831BC580226C3DF800114E8C /* Assets.xcassets */,
				831BC582226C3DF800114E8C /* LaunchScreen.storyboard */,
				831BC585226C3DF800114E8C /* Info.plist */,
			);
			path = SmartMobeImages;
			sourceTree = "<group>";
		};
		831BC58D226C3DF800114E8C /* SmartMobeImagesTests */ = {
			isa = PBXGroup;
			children = (
				831BC58E226C3DF800114E8C /* SmartMobeImagesTests.swift */,
				831BC590226C3DF800114E8C /* Info.plist */,
			);
			path = SmartMobeImagesTests;
			sourceTree = "<group>";
		};
		831BC599226C4F0400114E8C /* Model */ = {
			isa = PBXGroup;
			children = (
				831BC59A226C4F1D00114E8C /* Image.swift */,
			);
			path = Model;
			sourceTree = "<group>";
		};
		9AFF980FF75DA40278B1B5E1 /* Frameworks */ = {
			isa = PBXGroup;
			children = (
				4D48D695EADA75079BF664F4 /* Pods_SmartMobeImages.framework */,
				7B662D9776E7422697B2F780 /* Pods_SmartMobeImagesTests.framework */,
			);
			name = Frameworks;
			sourceTree = "<group>";
		};
		BA51A55F8036986332F372C8 /* Pods */ = {
			isa = PBXGroup;
			children = (
				12C394FCD061AE576266A67B /* Pods-SmartMobeImages.debug.xcconfig */,
				44826D4593B37716C5727F59 /* Pods-SmartMobeImages.release.xcconfig */,
				4B1936615C30AED3DBD0129A /* Pods-SmartMobeImagesTests.debug.xcconfig */,
				5371F0F035426F74E4AE5224 /* Pods-SmartMobeImagesTests.release.xcconfig */,
			);
			path = Pods;
			sourceTree = "<group>";
		};
/* End PBXGroup section */

/* Begin PBXNativeTarget section */
		831BC575226C3DF600114E8C /* SmartMobeImages */ = {
			isa = PBXNativeTarget;
			buildConfigurationList = 831BC593226C3DF800114E8C /* Build configuration list for PBXNativeTarget "SmartMobeImages" */;
			buildPhases = (
				2E6CE8E3CB08B1AC451B6457 /* [CP] Check Pods Manifest.lock */,
				831BC572226C3DF600114E8C /* Sources */,
				831BC573226C3DF600114E8C /* Frameworks */,
				831BC574226C3DF600114E8C /* Resources */,
				301B21D1B2E32377AE9DFED2 /* [CP] Embed Pods Frameworks */,
			);
			buildRules = (
			);
			dependencies = (
			);
			name = SmartMobeImages;
			productName = SmartMobeImages;
			productReference = 831BC576226C3DF600114E8C /* SmartMobeImages.app */;
			productType = "com.apple.product-type.application";
		};
		831BC589226C3DF800114E8C /* SmartMobeImagesTests */ = {
			isa = PBXNativeTarget;
			buildConfigurationList = 831BC596226C3DF800114E8C /* Build configuration list for PBXNativeTarget "SmartMobeImagesTests" */;
			buildPhases = (
				D591132975D198DFC26DF773 /* [CP] Check Pods Manifest.lock */,
				831BC586226C3DF800114E8C /* Sources */,
				831BC587226C3DF800114E8C /* Frameworks */,
				831BC588226C3DF800114E8C /* Resources */,
			);
			buildRules = (
			);
			dependencies = (
				831BC58C226C3DF800114E8C /* PBXTargetDependency */,
			);
			name = SmartMobeImagesTests;
			productName = SmartMobeImagesTests;
			productReference = 831BC58A226C3DF800114E8C /* SmartMobeImagesTests.xctest */;
			productType = "com.apple.product-type.bundle.unit-test";
		};
/* End PBXNativeTarget section */

/* Begin PBXProject section */
		831BC56E226C3DF500114E8C /* Project object */ = {
			isa = PBXProject;
			attributes = {
				LastSwiftUpdateCheck = 1010;
				LastUpgradeCheck = 1010;
				ORGANIZATIONNAME = "Avikishor khadka";
				TargetAttributes = {
					831BC575226C3DF600114E8C = {
						CreatedOnToolsVersion = 10.1;
					};
					831BC589226C3DF800114E8C = {
						CreatedOnToolsVersion = 10.1;
						TestTargetID = 831BC575226C3DF600114E8C;
					};
				};
			};
			buildConfigurationList = 831BC571226C3DF500114E8C /* Build configuration list for PBXProject "SmartMobeImages" */;
			compatibilityVersion = "Xcode 9.3";
			developmentRegion = en;
			hasScannedForEncodings = 0;
			knownRegions = (
				en,
				Base,
			);
			mainGroup = 831BC56D226C3DF500114E8C;
			productRefGroup = 831BC577226C3DF600114E8C /* Products */;
			projectDirPath = "";
			projectRoot = "";
			targets = (
				831BC575226C3DF600114E8C /* SmartMobeImages */,
				831BC589226C3DF800114E8C /* SmartMobeImagesTests */,
			);
		};
/* End PBXProject section */

/* Begin PBXResourcesBuildPhase section */
		831BC574226C3DF600114E8C /* Resources */ = {
			isa = PBXResourcesBuildPhase;
			buildActionMask = 2147483647;
			files = (
				831BC584226C3DF800114E8C /* LaunchScreen.storyboard in Resources */,
				831BC581226C3DF800114E8C /* Assets.xcassets in Resources */,
				831BC57F226C3DF600114E8C /* Main.storyboard in Resources */,
			);
			runOnlyForDeploymentPostprocessing = 0;
		};
		831BC588226C3DF800114E8C /* Resources */ = {
			isa = PBXResourcesBuildPhase;
			buildActionMask = 2147483647;
			files = (
			);
			runOnlyForDeploymentPostprocessing = 0;
		};
/* End PBXResourcesBuildPhase section */

/* Begin PBXShellScriptBuildPhase section */
		2E6CE8E3CB08B1AC451B6457 /* [CP] Check Pods Manifest.lock */ = {
			isa = PBXShellScriptBuildPhase;
			buildActionMask = 2147483647;
			files = (
			);
			inputFileListPaths = (
			);
			inputPaths = (
				"${PODS_PODFILE_DIR_PATH}/Podfile.lock",
				"${PODS_ROOT}/Manifest.lock",
			);
			name = "[CP] Check Pods Manifest.lock";
			outputFileListPaths = (
			);
			outputPaths = (
				"$(DERIVED_FILE_DIR)/Pods-SmartMobeImages-checkManifestLockResult.txt",
			);
			runOnlyForDeploymentPostprocessing = 0;
			shellPath = /bin/sh;
			shellScript = "diff \"${PODS_PODFILE_DIR_PATH}/Podfile.lock\" \"${PODS_ROOT}/Manifest.lock\" > /dev/null\nif [ $? != 0 ] ; then\n    # print error to STDERR\n    echo \"error: The sandbox is not in sync with the Podfile.lock. Run 'pod install' or update your CocoaPods installation.\" >&2\n    exit 1\nfi\n# This output is used by Xcode 'outputs' to avoid re-running this script phase.\necho \"SUCCESS\" > \"${SCRIPT_OUTPUT_FILE_0}\"\n";
			showEnvVarsInLog = 0;
		};
		301B21D1B2E32377AE9DFED2 /* [CP] Embed Pods Frameworks */ = {
			isa = PBXShellScriptBuildPhase;
			buildActionMask = 2147483647;
			files = (
			);
			inputFileListPaths = (
			);
			inputPaths = (
				"${PODS_ROOT}/Target Support Files/Pods-SmartMobeImages/Pods-SmartMobeImages-frameworks.sh",
				"${BUILT_PRODUCTS_DIR}/Alamofire/Alamofire.framework",
				"${BUILT_PRODUCTS_DIR}/AlamofireObjectMapper/AlamofireObjectMapper.framework",
				"${BUILT_PRODUCTS_DIR}/ObjectMapper/ObjectMapper.framework",
				"${BUILT_PRODUCTS_DIR}/ObjectMapper+Realm/ObjectMapper_Realm.framework",
				"${BUILT_PRODUCTS_DIR}/ObjectMapperAdditions/ObjectMapperAdditions.framework",
				"${BUILT_PRODUCTS_DIR}/Realm/Realm.framework",
				"${BUILT_PRODUCTS_DIR}/RealmSwift/RealmSwift.framework",
				"${BUILT_PRODUCTS_DIR}/SDWebImage/SDWebImage.framework",
				"${BUILT_PRODUCTS_DIR}/Swinject/Swinject.framework",
				"${BUILT_PRODUCTS_DIR}/SwinjectStoryboard/SwinjectStoryboard.framework",
			);
			name = "[CP] Embed Pods Frameworks";
			outputFileListPaths = (
			);
			outputPaths = (
				"${TARGET_BUILD_DIR}/${FRAMEWORKS_FOLDER_PATH}/Alamofire.framework",
				"${TARGET_BUILD_DIR}/${FRAMEWORKS_FOLDER_PATH}/AlamofireObjectMapper.framework",
				"${TARGET_BUILD_DIR}/${FRAMEWORKS_FOLDER_PATH}/ObjectMapper.framework",
				"${TARGET_BUILD_DIR}/${FRAMEWORKS_FOLDER_PATH}/ObjectMapper_Realm.framework",
				"${TARGET_BUILD_DIR}/${FRAMEWORKS_FOLDER_PATH}/ObjectMapperAdditions.framework",
				"${TARGET_BUILD_DIR}/${FRAMEWORKS_FOLDER_PATH}/Realm.framework",
				"${TARGET_BUILD_DIR}/${FRAMEWORKS_FOLDER_PATH}/RealmSwift.framework",
				"${TARGET_BUILD_DIR}/${FRAMEWORKS_FOLDER_PATH}/SDWebImage.framework",
				"${TARGET_BUILD_DIR}/${FRAMEWORKS_FOLDER_PATH}/Swinject.framework",
				"${TARGET_BUILD_DIR}/${FRAMEWORKS_FOLDER_PATH}/SwinjectStoryboard.framework",
			);
			runOnlyForDeploymentPostprocessing = 0;
			shellPath = /bin/sh;
			shellScript = "\"${PODS_ROOT}/Target Support Files/Pods-SmartMobeImages/Pods-SmartMobeImages-frameworks.sh\"\n";
			showEnvVarsInLog = 0;
		};
		D591132975D198DFC26DF773 /* [CP] Check Pods Manifest.lock */ = {
			isa = PBXShellScriptBuildPhase;
			buildActionMask = 2147483647;
			files = (
			);
			inputFileListPaths = (
			);
			inputPaths = (
				"${PODS_PODFILE_DIR_PATH}/Podfile.lock",
				"${PODS_ROOT}/Manifest.lock",
			);
			name = "[CP] Check Pods Manifest.lock";
			outputFileListPaths = (
			);
			outputPaths = (
				"$(DERIVED_FILE_DIR)/Pods-SmartMobeImagesTests-checkManifestLockResult.txt",
			);
			runOnlyForDeploymentPostprocessing = 0;
			shellPath = /bin/sh;
			shellScript = "diff \"${PODS_PODFILE_DIR_PATH}/Podfile.lock\" \"${PODS_ROOT}/Manifest.lock\" > /dev/null\nif [ $? != 0 ] ; then\n    # print error to STDERR\n    echo \"error: The sandbox is not in sync with the Podfile.lock. Run 'pod install' or update your CocoaPods installation.\" >&2\n    exit 1\nfi\n# This output is used by Xcode 'outputs' to avoid re-running this script phase.\necho \"SUCCESS\" > \"${SCRIPT_OUTPUT_FILE_0}\"\n";
			showEnvVarsInLog = 0;
		};
/* End PBXShellScriptBuildPhase section */

/* Begin PBXSourcesBuildPhase section */
		831BC572226C3DF600114E8C /* Sources */ = {
			isa = PBXSourcesBuildPhase;
			buildActionMask = 2147483647;
			files = (
				831BC57C226C3DF600114E8C /* ViewController.swift in Sources */,
				831BC59B226C4F1D00114E8C /* Image.swift in Sources */,
				831BC57A226C3DF600114E8C /* AppDelegate.swift in Sources */,
			);
			runOnlyForDeploymentPostprocessing = 0;
		};
		831BC586226C3DF800114E8C /* Sources */ = {
			isa = PBXSourcesBuildPhase;
			buildActionMask = 2147483647;
			files = (
				831BC58F226C3DF800114E8C /* SmartMobeImagesTests.swift in Sources */,
			);
			runOnlyForDeploymentPostprocessing = 0;
		};
/* End PBXSourcesBuildPhase section */

/* Begin PBXTargetDependency section */
		831BC58C226C3DF800114E8C /* PBXTargetDependency */ = {
			isa = PBXTargetDependency;
			target = 831BC575226C3DF600114E8C /* SmartMobeImages */;
			targetProxy = 831BC58B226C3DF800114E8C /* PBXContainerItemProxy */;
		};
/* End PBXTargetDependency section */

/* Begin PBXVariantGroup section */
		831BC57D226C3DF600114E8C /* Main.storyboard */ = {
			isa = PBXVariantGroup;
			children = (
				831BC57E226C3DF600114E8C /* Base */,
			);
			name = Main.storyboard;
			sourceTree = "<group>";
		};
		831BC582226C3DF800114E8C /* LaunchScreen.storyboard */ = {
			isa = PBXVariantGroup;
			children = (
				831BC583226C3DF800114E8C /* Base */,
			);
			name = LaunchScreen.storyboard;
			sourceTree = "<group>";
		};
/* End PBXVariantGroup section */

/* Begin XCBuildConfiguration section */
		831BC591226C3DF800114E8C /* Debug */ = {
			isa = XCBuildConfiguration;
			buildSettings = {
				ALWAYS_SEARCH_USER_PATHS = NO;
				CLANG_ANALYZER_NONNULL = YES;
				CLANG_ANALYZER_NUMBER_OBJECT_CONVERSION = YES_AGGRESSIVE;
				CLANG_CXX_LANGUAGE_STANDARD = "gnu++14";
				CLANG_CXX_LIBRARY = "libc++";
				CLANG_ENABLE_MODULES = YES;
				CLANG_ENABLE_OBJC_ARC = YES;
				CLANG_ENABLE_OBJC_WEAK = YES;
				CLANG_WARN_BLOCK_CAPTURE_AUTORELEASING = YES;
				CLANG_WARN_BOOL_CONVERSION = YES;
				CLANG_WARN_COMMA = YES;
				CLANG_WARN_CONSTANT_CONVERSION = YES;
				CLANG_WARN_DEPRECATED_OBJC_IMPLEMENTATIONS = YES;
				CLANG_WARN_DIRECT_OBJC_ISA_USAGE = YES_ERROR;
				CLANG_WARN_DOCUMENTATION_COMMENTS = YES;
				CLANG_WARN_EMPTY_BODY = YES;
				CLANG_WARN_ENUM_CONVERSION = YES;
				CLANG_WARN_INFINITE_RECURSION = YES;
				CLANG_WARN_INT_CONVERSION = YES;
				CLANG_WARN_NON_LITERAL_NULL_CONVERSION = YES;
				CLANG_WARN_OBJC_IMPLICIT_RETAIN_SELF = YES;
				CLANG_WARN_OBJC_LITERAL_CONVERSION = YES;
				CLANG_WARN_OBJC_ROOT_CLASS = YES_ERROR;
				CLANG_WARN_RANGE_LOOP_ANALYSIS = YES;
				CLANG_WARN_STRICT_PROTOTYPES = YES;
				CLANG_WARN_SUSPICIOUS_MOVE = YES;
				CLANG_WARN_UNGUARDED_AVAILABILITY = YES_AGGRESSIVE;
				CLANG_WARN_UNREACHABLE_CODE = YES;
				CLANG_WARN__DUPLICATE_METHOD_MATCH = YES;
				CODE_SIGN_IDENTITY = "iPhone Developer";
				COPY_PHASE_STRIP = NO;
				DEBUG_INFORMATION_FORMAT = dwarf;
				ENABLE_STRICT_OBJC_MSGSEND = YES;
				ENABLE_TESTABILITY = YES;
				GCC_C_LANGUAGE_STANDARD = gnu11;
				GCC_DYNAMIC_NO_PIC = NO;
				GCC_NO_COMMON_BLOCKS = YES;
				GCC_OPTIMIZATION_LEVEL = 0;
				GCC_PREPROCESSOR_DEFINITIONS = (
					"DEBUG=1",
					"$(inherited)",
				);
				GCC_WARN_64_TO_32_BIT_CONVERSION = YES;
				GCC_WARN_ABOUT_RETURN_TYPE = YES_ERROR;
				GCC_WARN_UNDECLARED_SELECTOR = YES;
				GCC_WARN_UNINITIALIZED_AUTOS = YES_AGGRESSIVE;
				GCC_WARN_UNUSED_FUNCTION = YES;
				GCC_WARN_UNUSED_VARIABLE = YES;
				IPHONEOS_DEPLOYMENT_TARGET = 12.1;
				MTL_ENABLE_DEBUG_INFO = INCLUDE_SOURCE;
				MTL_FAST_MATH = YES;
				ONLY_ACTIVE_ARCH = YES;
				SDKROOT = iphoneos;
				SWIFT_ACTIVE_COMPILATION_CONDITIONS = DEBUG;
				SWIFT_OPTIMIZATION_LEVEL = "-Onone";
			};
			name = Debug;
		};
		831BC592226C3DF800114E8C /* Release */ = {
			isa = XCBuildConfiguration;
			buildSettings = {
				ALWAYS_SEARCH_USER_PATHS = NO;
				CLANG_ANALYZER_NONNULL = YES;
				CLANG_ANALYZER_NUMBER_OBJECT_CONVERSION = YES_AGGRESSIVE;
				CLANG_CXX_LANGUAGE_STANDARD = "gnu++14";
				CLANG_CXX_LIBRARY = "libc++";
				CLANG_ENABLE_MODULES = YES;
				CLANG_ENABLE_OBJC_ARC = YES;
				CLANG_ENABLE_OBJC_WEAK = YES;
				CLANG_WARN_BLOCK_CAPTURE_AUTORELEASING = YES;
				CLANG_WARN_BOOL_CONVERSION = YES;
				CLANG_WARN_COMMA = YES;
				CLANG_WARN_CONSTANT_CONVERSION = YES;
				CLANG_WARN_DEPRECATED_OBJC_IMPLEMENTATIONS = YES;
				CLANG_WARN_DIRECT_OBJC_ISA_USAGE = YES_ERROR;
				CLANG_WARN_DOCUMENTATION_COMMENTS = YES;
				CLANG_WARN_EMPTY_BODY = YES;
				CLANG_WARN_ENUM_CONVERSION = YES;
				CLANG_WARN_INFINITE_RECURSION = YES;
				CLANG_WARN_INT_CONVERSION = YES;
				CLANG_WARN_NON_LITERAL_NULL_CONVERSION = YES;
				CLANG_WARN_OBJC_IMPLICIT_RETAIN_SELF = YES;
				CLANG_WARN_OBJC_LITERAL_CONVERSION = YES;
				CLANG_WARN_OBJC_ROOT_CLASS = YES_ERROR;
				CLANG_WARN_RANGE_LOOP_ANALYSIS = YES;
				CLANG_WARN_STRICT_PROTOTYPES = YES;
				CLANG_WARN_SUSPICIOUS_MOVE = YES;
				CLANG_WARN_UNGUARDED_AVAILABILITY = YES_AGGRESSIVE;
				CLANG_WARN_UNREACHABLE_CODE = YES;
				CLANG_WARN__DUPLICATE_METHOD_MATCH = YES;
				CODE_SIGN_IDENTITY = "iPhone Developer";
				COPY_PHASE_STRIP = NO;
				DEBUG_INFORMATION_FORMAT = "dwarf-with-dsym";
				ENABLE_NS_ASSERTIONS = NO;
				ENABLE_STRICT_OBJC_MSGSEND = YES;
				GCC_C_LANGUAGE_STANDARD = gnu11;
				GCC_NO_COMMON_BLOCKS = YES;
				GCC_WARN_64_TO_32_BIT_CONVERSION = YES;
				GCC_WARN_ABOUT_RETURN_TYPE = YES_ERROR;
				GCC_WARN_UNDECLARED_SELECTOR = YES;
				GCC_WARN_UNINITIALIZED_AUTOS = YES_AGGRESSIVE;
				GCC_WARN_UNUSED_FUNCTION = YES;
				GCC_WARN_UNUSED_VARIABLE = YES;
				IPHONEOS_DEPLOYMENT_TARGET = 12.1;
				MTL_ENABLE_DEBUG_INFO = NO;
				MTL_FAST_MATH = YES;
				SDKROOT = iphoneos;
				SWIFT_COMPILATION_MODE = wholemodule;
				SWIFT_OPTIMIZATION_LEVEL = "-O";
				VALIDATE_PRODUCT = YES;
			};
			name = Release;
		};
		831BC594226C3DF800114E8C /* Debug */ = {
			isa = XCBuildConfiguration;
			baseConfigurationReference = 12C394FCD061AE576266A67B /* Pods-SmartMobeImages.debug.xcconfig */;
			buildSettings = {
				ASSETCATALOG_COMPILER_APPICON_NAME = AppIcon;
				CODE_SIGN_STYLE = Automatic;
				DEVELOPMENT_TEAM = 4PFUG2YU5Q;
				INFOPLIST_FILE = SmartMobeImages/Info.plist;
				LD_RUNPATH_SEARCH_PATHS = (
					"$(inherited)",
					"@executable_path/Frameworks",
				);
				PRODUCT_BUNDLE_IDENTIFIER = com.Avikishorkhadka.SmartMobeImages;
				PRODUCT_NAME = "$(TARGET_NAME)";
				SWIFT_VERSION = 4.2;
				TARGETED_DEVICE_FAMILY = "1,2";
			};
			name = Debug;
		};
		831BC595226C3DF800114E8C /* Release */ = {
			isa = XCBuildConfiguration;
			baseConfigurationReference = 44826D4593B37716C5727F59 /* Pods-SmartMobeImages.release.xcconfig */;
			buildSettings = {
				ASSETCATALOG_COMPILER_APPICON_NAME = AppIcon;
				CODE_SIGN_STYLE = Automatic;
				DEVELOPMENT_TEAM = 4PFUG2YU5Q;
				INFOPLIST_FILE = SmartMobeImages/Info.plist;
				LD_RUNPATH_SEARCH_PATHS = (
					"$(inherited)",
					"@executable_path/Frameworks",
				);
				PRODUCT_BUNDLE_IDENTIFIER = com.Avikishorkhadka.SmartMobeImages;
				PRODUCT_NAME = "$(TARGET_NAME)";
				SWIFT_VERSION = 4.2;
				TARGETED_DEVICE_FAMILY = "1,2";
			};
			name = Release;
		};
		831BC597226C3DF800114E8C /* Debug */ = {
			isa = XCBuildConfiguration;
			baseConfigurationReference = 4B1936615C30AED3DBD0129A /* Pods-SmartMobeImagesTests.debug.xcconfig */;
			buildSettings = {
				ALWAYS_EMBED_SWIFT_STANDARD_LIBRARIES = YES;
				BUNDLE_LOADER = "$(TEST_HOST)";
				CODE_SIGN_STYLE = Automatic;
				DEVELOPMENT_TEAM = 4PFUG2YU5Q;
				INFOPLIST_FILE = SmartMobeImagesTests/Info.plist;
				LD_RUNPATH_SEARCH_PATHS = (
					"$(inherited)",
					"@executable_path/Frameworks",
					"@loader_path/Frameworks",
				);
				PRODUCT_BUNDLE_IDENTIFIER = com.Avikishorkhadka.SmartMobeImagesTests;
				PRODUCT_NAME = "$(TARGET_NAME)";
				SWIFT_VERSION = 4.2;
				TARGETED_DEVICE_FAMILY = "1,2";
				TEST_HOST = "$(BUILT_PRODUCTS_DIR)/SmartMobeImages.app/SmartMobeImages";
			};
			name = Debug;
		};
		831BC598226C3DF800114E8C /* Release */ = {
			isa = XCBuildConfiguration;
			baseConfigurationReference = 5371F0F035426F74E4AE5224 /* Pods-SmartMobeImagesTests.release.xcconfig */;
			buildSettings = {
				ALWAYS_EMBED_SWIFT_STANDARD_LIBRARIES = YES;
				BUNDLE_LOADER = "$(TEST_HOST)";
				CODE_SIGN_STYLE = Automatic;
				DEVELOPMENT_TEAM = 4PFUG2YU5Q;
				INFOPLIST_FILE = SmartMobeImagesTests/Info.plist;
				LD_RUNPATH_SEARCH_PATHS = (
					"$(inherited)",
					"@executable_path/Frameworks",
					"@loader_path/Frameworks",
				);
				PRODUCT_BUNDLE_IDENTIFIER = com.Avikishorkhadka.SmartMobeImagesTests;
				PRODUCT_NAME = "$(TARGET_NAME)";
				SWIFT_VERSION = 4.2;
				TARGETED_DEVICE_FAMILY = "1,2";
				TEST_HOST = "$(BUILT_PRODUCTS_DIR)/SmartMobeImages.app/SmartMobeImages";
			};
			name = Release;
		};
/* End XCBuildConfiguration section */

/* Begin XCConfigurationList section */
		831BC571226C3DF500114E8C /* Build configuration list for PBXProject "SmartMobeImages" */ = {
			isa = XCConfigurationList;
			buildConfigurations = (
				831BC591226C3DF800114E8C /* Debug */,
				831BC592226C3DF800114E8C /* Release */,
			);
			defaultConfigurationIsVisible = 0;
			defaultConfigurationName = Release;
		};
		831BC593226C3DF800114E8C /* Build configuration list for PBXNativeTarget "SmartMobeImages" */ = {
			isa = XCConfigurationList;
			buildConfigurations = (
				831BC594226C3DF800114E8C /* Debug */,
				831BC595226C3DF800114E8C /* Release */,
			);
			defaultConfigurationIsVisible = 0;
			defaultConfigurationName = Release;
		};
		831BC596226C3DF800114E8C /* Build configuration list for PBXNativeTarget "SmartMobeImagesTests" */ = {
			isa = XCConfigurationList;
			buildConfigurations = (
				831BC597226C3DF800114E8C /* Debug */,
				831BC598226C3DF800114E8C /* Release */,
			);
			defaultConfigurationIsVisible = 0;
			defaultConfigurationName = Release;
		};
/* End XCConfigurationList section */
	};
	rootObject = 831BC56E226C3DF500114E8C /* Project object */;
}
